
Microsoft Visual Studio Solution File, Format Version 12.00
# Visual Studio Version 17
VisualStudioVersion = 17.1.32414.318
MinimumVisualStudioVersion = 10.0.40219.1
Project("{FAE04EC0-301F-11D3-BF4B-00C04F79EFBC}") = "CarMaintenanceGarage_API", "CarMaintenanceGarage_API.csproj", "{CFA42DF1-B81C-47B7-8E96-A3727F96410C}"
EndProject
Global
	GlobalSection(SolutionConfigurationPlatforms) = preSolution
		Debug|Any CPU = Debug|Any CPU
		Release|Any CPU = Release|Any CPU
	EndGlobalSection
	GlobalSection(ProjectConfigurationPlatforms) = postSolution
		{CFA42DF1-B81C-47B7-8E96-A3727F96410C}.Debug|Any CPU.ActiveCfg = Debug|Any CPU
		{CFA42DF1-B81C-47B7-8E96-A3727F96410C}.Debug|Any CPU.Build.0 = Debug|Any CPU
		{CFA42DF1-B81C-47B7-8E96-A3727F96410C}.Release|Any CPU.ActiveCfg = Release|Any CPU
		{CFA42DF1-B81C-47B7-8E96-A3727F96410C}.Release|Any CPU.Build.0 = Release|Any CPU
	EndGlobalSection
	GlobalSection(SolutionProperties) = preSolution
		HideSolutionNode = FALSE
	EndGlobalSection
	GlobalSection(ExtensibilityGlobals) = postSolution
		SolutionGuid = {DBC6BCB6-5970-405A-B9D5-EEE44DE12A20}
	EndGlobalSection
EndGlobal
